
Microsoft Visual Studio Solution File, Format Version 12.00
# Visual Studio 14
VisualStudioVersion = 14.0.25420.1
MinimumVisualStudioVersion = 10.0.40219.1
Project("{FAE04EC0-301F-11D3-BF4B-00C04F79EFBC}") = "FinalProject", "FinalProject\FinalProject.csproj", "{0CB8F85D-9DDC-4793-9BB9-4CC74CFBB462}"
	ProjectSection(ProjectDependencies) = postProject
		{E330C1ED-6115-4373-9C4A-8761EC4ABC72} = {E330C1ED-6115-4373-9C4A-8761EC4ABC72}
	EndProjectSection
EndProject
Project("{FAE04EC0-301F-11D3-BF4B-00C04F79EFBC}") = "FinalProject.Web", "FinalProject.Web\FinalProject.Web.csproj", "{E330C1ED-6115-4373-9C4A-8761EC4ABC72}"
EndProject
Global
	GlobalSection(SolutionConfigurationPlatforms) = preSolution
		Debug|Any CPU = Debug|Any CPU
		Release|Any CPU = Release|Any CPU
	EndGlobalSection
	GlobalSection(ProjectConfigurationPlatforms) = postSolution
		{0CB8F85D-9DDC-4793-9BB9-4CC74CFBB462}.Debug|Any CPU.ActiveCfg = Debug|Any CPU
		{0CB8F85D-9DDC-4793-9BB9-4CC74CFBB462}.Debug|Any CPU.Build.0 = Debug|Any CPU
		{0CB8F85D-9DDC-4793-9BB9-4CC74CFBB462}.Release|Any CPU.ActiveCfg = Release|Any CPU
		{0CB8F85D-9DDC-4793-9BB9-4CC74CFBB462}.Release|Any CPU.Build.0 = Release|Any CPU
		{E330C1ED-6115-4373-9C4A-8761EC4ABC72}.Debug|Any CPU.ActiveCfg = Debug|Any CPU
		{E330C1ED-6115-4373-9C4A-8761EC4ABC72}.Debug|Any CPU.Build.0 = Debug|Any CPU
		{E330C1ED-6115-4373-9C4A-8761EC4ABC72}.Release|Any CPU.ActiveCfg = Release|Any CPU
		{E330C1ED-6115-4373-9C4A-8761EC4ABC72}.Release|Any CPU.Build.0 = Release|Any CPU
	EndGlobalSection
	GlobalSection(SolutionProperties) = preSolution
		HideSolutionNode = FALSE
	EndGlobalSection
EndGlobal
